Microsoft Visual Studio Solution File, Format Version 12.00
# Visual Studio Version 17
VisualStudioVersion = 17.5.2.0
MinimumVisualStudioVersion = 10.0.40219.1
Project("{FAE04EC0-301F-11D3-BF4B-00C04F79EFBC}") = "pokemon-draft-api", "pokemon-draft\pokemon-draft-api.csproj", "{73B13F0F-9D09-8F1D-3D97-798E1A5D218E}"
EndProject
Global
	GlobalSection(SolutionConfigurationPlatforms) = preSolution
		Debug|Any CPU = Debug|Any CPU
		Release|Any CPU = Release|Any CPU
	EndGlobalSection
	GlobalSection(ProjectConfigurationPlatforms) = postSolution
		{73B13F0F-9D09-8F1D-3D97-798E1A5D218E}.Debug|Any CPU.ActiveCfg = Debug|Any CPU
		{73B13F0F-9D09-8F1D-3D97-798E1A5D218E}.Debug|Any CPU.Build.0 = Debug|Any CPU
		{73B13F0F-9D09-8F1D-3D97-798E1A5D218E}.Release|Any CPU.ActiveCfg = Release|Any CPU
		{73B13F0F-9D09-8F1D-3D97-798E1A5D218E}.Release|Any CPU.Build.0 = Release|Any CPU
	EndGlobalSection
	GlobalSection(SolutionProperties) = preSolution
		HideSolutionNode = FALSE
	EndGlobalSection
	GlobalSection(ExtensibilityGlobals) = postSolution
		SolutionGuid = {C690D011-8BB7-4C6D-8CDC-89C1769C10CC}
	EndGlobalSection
EndGlobal
